// !$*UTF8*$!
{
	archiveVersion = 1;
	classes = {
	};
	objectVersion = 77;
	objects = {

/* Begin PBXContainerItemProxy section */
		05BCD88E2EA225F9004FB69D /* PBXContainerItemProxy */ = {
			isa = PBXContainerItemProxy;
			containerPortal = 05BCD86F2EA225F8004FB69D /* Project object */;
			proxyType = 1;
			remoteGlobalIDString = 05BCD8762EA225F8004FB69D;
			remoteInfo = PiscumPhotos;
		};
		05BCD8982EA225FA004FB69D /* PBXContainerItemProxy */ = {
			isa = PBXContainerItemProxy;
			containerPortal = 05BCD86F2EA225F8004FB69D /* Project object */;
			proxyType = 1;
			remoteGlobalIDString = 05BCD8762EA225F8004FB69D;
			remoteInfo = PiscumPhotos;
		};
/* End PBXContainerItemProxy section */

/* Begin PBXFileReference section */
		05BCD8772EA225F8004FB69D /* PiscumPhotos.app */ = {isa = PBXFileReference; explicitFileType = wrapper.application; includeInIndex = 0; path = PiscumPhotos.app; sourceTree = BUILT_PRODUCTS_DIR; };
		05BCD88D2EA225F9004FB69D /* PiscumPhotosTests.xctest */ = {isa = PBXFileReference; explicitFileType = wrapper.cfbundle; includeInIndex = 0; path = PiscumPhotosTests.xctest; sourceTree = BUILT_PRODUCTS_DIR; };
		05BCD8972EA225FA004FB69D /* PiscumPhotosUITests.xctest */ = {isa = PBXFileReference; explicitFileType = wrapper.cfbundle; includeInIndex = 0; path = PiscumPhotosUITests.xctest; sourceTree = BUILT_PRODUCTS_DIR; };
/* End PBXFileReference section */

/* Begin PBXFileSystemSynchronizedBuildFileExceptionSet section */
		05BCD89F2EA225FA004FB69D /* Exceptions for "PiscumPhotos" folder in "PiscumPhotos" target */ = {
			isa = PBXFileSystemSynchronizedBuildFileExceptionSet;
			membershipExceptions = (
				Info.plist,
			);
			target = 05BCD8762EA225F8004FB69D /* PiscumPhotos */;
		};
/* End PBXFileSystemSynchronizedBuildFileExceptionSet section */

/* Begin PBXFileSystemSynchronizedRootGroup section */
		05BCD8792EA225F8004FB69D /* PiscumPhotos */ = {
			isa = PBXFileSystemSynchronizedRootGroup;
			exceptions = (
				05BCD89F2EA225FA004FB69D /* Exceptions for "PiscumPhotos" folder in "PiscumPhotos" target */,
			);
			path = PiscumPhotos;
			sourceTree = "<group>";
		};
		05BCD8902EA225F9004FB69D /* PiscumPhotosTests */ = {
			isa = PBXFileSystemSynchronizedRootGroup;
			path = PiscumPhotosTests;
			sourceTree = "<group>";
		};
		05BCD89A2EA225FA004FB69D /* PiscumPhotosUITests */ = {
			isa = PBXFileSystemSynchronizedRootGroup;
			path = PiscumPhotosUITests;
			sourceTree = "<group>";
		};
/* End PBXFileSystemSynchronizedRootGroup section */

/* Begin PBXFrameworksBuildPhase section */
		05BCD8742EA225F8004FB69D /* Frameworks */ = {
			isa = PBXFrameworksBuildPhase;
			buildActionMask = 2147483647;
			files = (
			);
			runOnlyForDeploymentPostprocessing = 0;
		};
		05BCD88A2EA225F9004FB69D /* Frameworks */ = {
			isa = PBXFrameworksBuildPhase;
			buildActionMask = 2147483647;
			files = (
			);
			runOnlyForDeploymentPostprocessing = 0;
		};
		05BCD8942EA225FA004FB69D /* Frameworks */ = {
			isa = PBXFrameworksBuildPhase;
			buildActionMask = 2147483647;
			files = (
			);
			runOnlyForDeploymentPostprocessing = 0;
		};
/* End PBXFrameworksBuildPhase section */

/* Begin PBXGroup section */
		05BCD86E2EA225F8004FB69D = {
			isa = PBXGroup;
			children = (
				05BCD8792EA225F8004FB69D /* PiscumPhotos */,
				05BCD8902EA225F9004FB69D /* PiscumPhotosTests */,
				05BCD89A2EA225FA004FB69D /* PiscumPhotosUITests */,
				05BCD8782EA225F8004FB69D /* Products */,
			);
			sourceTree = "<group>";
		};
		05BCD8782EA225F8004FB69D /* Products */ = {
			isa = PBXGroup;
			children = (
				05BCD8772EA225F8004FB69D /* PiscumPhotos.app */,
				05BCD88D2EA225F9004FB69D /* PiscumPhotosTests.xctest */,
				05BCD8972EA225FA004FB69D /* PiscumPhotosUITests.xctest */,
			);
			name = Products;
			sourceTree = "<group>";
		};
/* End PBXGroup section */

/* Begin PBXNativeTarget section */
		05BCD8762EA225F8004FB69D /* PiscumPhotos */ = {
			isa = PBXNativeTarget;
			buildConfigurationList = 05BCD8A02EA225FA004FB69D /* Build configuration list for PBXNativeTarget "PiscumPhotos" */;
			buildPhases = (
				05BCD8732EA225F8004FB69D /* Sources */,
				05BCD8742EA225F8004FB69D /* Frameworks */,
				05BCD8752EA225F8004FB69D /* Resources */,
			);
			buildRules = (
			);
			dependencies = (
			);
			fileSystemSynchronizedGroups = (
				05BCD8792EA225F8004FB69D /* PiscumPhotos */,
			);
			name = PiscumPhotos;
			packageProductDependencies = (
			);
			productName = PiscumPhotos;
			productReference = 05BCD8772EA225F8004FB69D /* PiscumPhotos.app */;
			productType = "com.apple.product-type.application";
		};
		05BCD88C2EA225F9004FB69D /* PiscumPhotosTests */ = {
			isa = PBXNativeTarget;
			buildConfigurationList = 05BCD8A52EA225FA004FB69D /* Build configuration list for PBXNativeTarget "PiscumPhotosTests" */;
			buildPhases = (
				05BCD8892EA225F9004FB69D /* Sources */,
				05BCD88A2EA225F9004FB69D /* Frameworks */,
				05BCD88B2EA225F9004FB69D /* Resources */,
			);
			buildRules = (
			);
			dependencies = (
				05BCD88F2EA225F9004FB69D /* PBXTargetDependency */,
			);
			fileSystemSynchronizedGroups = (
				05BCD8902EA225F9004FB69D /* PiscumPhotosTests */,
			);
			name = PiscumPhotosTests;
			packageProductDependencies = (
			);
			productName = PiscumPhotosTests;
			productReference = 05BCD88D2EA225F9004FB69D /* PiscumPhotosTests.xctest */;
			productType = "com.apple.product-type.bundle.unit-test";
		};
		05BCD8962EA225FA004FB69D /* PiscumPhotosUITests */ = {
			isa = PBXNativeTarget;
			buildConfigurationList = 05BCD8A82EA225FA004FB69D /* Build configuration list for PBXNativeTarget "PiscumPhotosUITests" */;
			buildPhases = (
				05BCD8932EA225FA004FB69D /* Sources */,
				05BCD8942EA225FA004FB69D /* Frameworks */,
				05BCD8952EA225FA004FB69D /* Resources */,
			);
			buildRules = (
			);
			dependencies = (
				05BCD8992EA225FA004FB69D /* PBXTargetDependency */,
			);
			fileSystemSynchronizedGroups = (
				05BCD89A2EA225FA004FB69D /* PiscumPhotosUITests */,
			);
			name = PiscumPhotosUITests;
			packageProductDependencies = (
			);
			productName = PiscumPhotosUITests;
			productReference = 05BCD8972EA225FA004FB69D /* PiscumPhotosUITests.xctest */;
			productType = "com.apple.product-type.bundle.ui-testing";
		};
/* End PBXNativeTarget section */

/* Begin PBXProject section */
		05BCD86F2EA225F8004FB69D /* Project object */ = {
			isa = PBXProject;
			attributes = {
				BuildIndependentTargetsInParallel = 1;
				LastSwiftUpdateCheck = 1640;
				LastUpgradeCheck = 1640;
				TargetAttributes = {
					05BCD8762EA225F8004FB69D = {
						CreatedOnToolsVersion = 16.4;
					};
					05BCD88C2EA225F9004FB69D = {
						CreatedOnToolsVersion = 16.4;
						TestTargetID = 05BCD8762EA225F8004FB69D;
					};
					05BCD8962EA225FA004FB69D = {
						CreatedOnToolsVersion = 16.4;
						TestTargetID = 05BCD8762EA225F8004FB69D;
					};
				};
			};
			buildConfigurationList = 05BCD8722EA225F8004FB69D /* Build configuration list for PBXProject "PiscumPhotos" */;
			developmentRegion = en;
			hasScannedForEncodings = 0;
			knownRegions = (
				en,
				Base,
			);
			mainGroup = 05BCD86E2EA225F8004FB69D;
			minimizedProjectReferenceProxies = 1;
			preferredProjectObjectVersion = 77;
			productRefGroup = 05BCD8782EA225F8004FB69D /* Products */;
			projectDirPath = "";
			projectRoot = "";
			targets = (
				05BCD8762EA225F8004FB69D /* PiscumPhotos */,
				05BCD88C2EA225F9004FB69D /* PiscumPhotosTests */,
				05BCD8962EA225FA004FB69D /* PiscumPhotosUITests */,
			);
		};
/* End PBXProject section */

/* Begin PBXResourcesBuildPhase section */
		05BCD8752EA225F8004FB69D /* Resources */ = {
			isa = PBXResourcesBuildPhase;
			buildActionMask = 2147483647;
			files = (
			);
			runOnlyForDeploymentPostprocessing = 0;
		};
		05BCD88B2EA225F9004FB69D /* Resources */ = {
			isa = PBXResourcesBuildPhase;
			buildActionMask = 2147483647;
			files = (
			);
			runOnlyForDeploymentPostprocessing = 0;
		};
		05BCD8952EA225FA004FB69D /* Resources */ = {
			isa = PBXResourcesBuildPhase;
			buildActionMask = 2147483647;
			files = (
			);
			runOnlyForDeploymentPostprocessing = 0;
		};
/* End PBXResourcesBuildPhase section */

/* Begin PBXSourcesBuildPhase section */
		05BCD8732EA225F8004FB69D /* Sources */ = {
			isa = PBXSourcesBuildPhase;
			buildActionMask = 2147483647;
			files = (
			);
			runOnlyForDeploymentPostprocessing = 0;
		};
		05BCD8892EA225F9004FB69D /* Sources */ = {
			isa = PBXSourcesBuildPhase;
			buildActionMask = 2147483647;
			files = (
			);
			runOnlyForDeploymentPostprocessing = 0;
		};
		05BCD8932EA225FA004FB69D /* Sources */ = {
			isa = PBXSourcesBuildPhase;
			buildActionMask = 2147483647;
			files = (
			);
			runOnlyForDeploymentPostprocessing = 0;
		};
/* End PBXSourcesBuildPhase section */

/* Begin PBXTargetDependency section */
		05BCD88F2EA225F9004FB69D /* PBXTargetDependency */ = {
			isa = PBXTargetDependency;
			target = 05BCD8762EA225F8004FB69D /* PiscumPhotos */;
			targetProxy = 05BCD88E2EA225F9004FB69D /* PBXContainerItemProxy */;
		};
		05BCD8992EA225FA004FB69D /* PBXTargetDependency */ = {
			isa = PBXTargetDependency;
			target = 05BCD8762EA225F8004FB69D /* PiscumPhotos */;
			targetProxy = 05BCD8982EA225FA004FB69D /* PBXContainerItemProxy */;
		};
/* End PBXTargetDependency section */

/* Begin XCBuildConfiguration section */
		05BCD8A12EA225FA004FB69D /* Debug */ = {
			isa = XCBuildConfiguration;
			buildSettings = {
				ASSETCATALOG_COMPILER_APPICON_NAME = AppIcon;
				ASSETCATALOG_COMPILER_GLOBAL_ACCENT_COLOR_NAME = AccentColor;
				CODE_SIGN_STYLE = Automatic;
				CURRENT_PROJECT_VERSION = 1;
				GENERATE_INFOPLIST_FILE = YES;
				INFOPLIST_FILE = PiscumPhotos/Info.plist;
				INFOPLIST_KEY_UIApplicationSupportsIndirectInputEvents = YES;
				INFOPLIST_KEY_UILaunchStoryboardName = LaunchScreen;
				INFOPLIST_KEY_UIMainStoryboardFile = Main;
				INFOPLIST_KEY_UISupportedInterfaceOrientations_iPad = "UIInterfaceOrientationPortrait UIInterfaceOrientationPortraitUpsideDown UIInterfaceOrientationLandscapeLeft UIInterfaceOrientationLandscapeRight";
				INFOPLIST_KEY_UISupportedInterfaceOrientations_iPhone = "UIInterfaceOrientationPortrait UIInterfaceOrientationLandscapeLeft UIInterfaceOrientationLandscapeRight";
				LD_RUNPATH_SEARCH_PATHS = (
					"$(inherited)",
					"@executable_path/Frameworks",
				);
				MARKETING_VERSION = 1.0;
				PRODUCT_BUNDLE_IDENTIFIER = PiscumPhotos.PiscumPhotos;
				PRODUCT_NAME = "$(TARGET_NAME)";
				SWIFT_EMIT_LOC_STRINGS = YES;
				SWIFT_VERSION = 5.0;
				TARGETED_DEVICE_FAMILY = "1,2";
			};
			name = Debug;
		};
		05BCD8A22EA225FA004FB69D /* Release */ = {
			isa = XCBuildConfiguration;
			buildSettings = {
				ASSETCATALOG_COMPILER_APPICON_NAME = AppIcon;
				ASSETCATALOG_COMPILER_GLOBAL_ACCENT_COLOR_NAME = AccentColor;
				CODE_SIGN_STYLE = Automatic;
				CURRENT_PROJECT_VERSION = 1;
				GENERATE_INFOPLIST_FILE = YES;
				INFOPLIST_FILE = PiscumPhotos/Info.plist;
				INFOPLIST_KEY_UIApplicationSupportsIndirectInputEvents = YES;
				INFOPLIST_KEY_UILaunchStoryboardName = LaunchScreen;
				INFOPLIST_KEY_UIMainStoryboardFile = Main;
				INFOPLIST_KEY_UISupportedInterfaceOrientations_iPad = "UIInterfaceOrientationPortrait UIInterfaceOrientationPortraitUpsideDown UIInterfaceOrientationLandscapeLeft UIInterfaceOrientationLandscapeRight";
				INFOPLIST_KEY_UISupportedInterfaceOrientations_iPhone = "UIInterfaceOrientationPortrait UIInterfaceOrientationLandscapeLeft UIInterfaceOrientationLandscapeRight";
				LD_RUNPATH_SEARCH_PATHS = (
					"$(inherited)",
					"@executable_path/Frameworks",
				);
				MARKETING_VERSION = 1.0;
				PRODUCT_BUNDLE_IDENTIFIER = PiscumPhotos.PiscumPhotos;
				PRODUCT_NAME = "$(TARGET_NAME)";
				SWIFT_EMIT_LOC_STRINGS = YES;
				SWIFT_VERSION = 5.0;
				TARGETED_DEVICE_FAMILY = "1,2";
			};
			name = Release;
		};
		05BCD8A32EA225FA004FB69D /* Debug */ = {
			isa = XCBuildConfiguration;
			buildSettings = {
				ALWAYS_SEARCH_USER_PATHS = NO;
				ASSETCATALOG_COMPILER_GENERATE_SWIFT_ASSET_SYMBOL_EXTENSIONS = YES;
				CLANG_ANALYZER_NONNULL = YES;
				CLANG_ANALYZER_NUMBER_OBJECT_CONVERSION = YES_AGGRESSIVE;
				CLANG_CXX_LANGUAGE_STANDARD = "gnu++20";
				CLANG_ENABLE_MODULES = YES;
				CLANG_ENABLE_OBJC_ARC = YES;
				CLANG_ENABLE_OBJC_WEAK = YES;
				CLANG_WARN_BLOCK_CAPTURE_AUTORELEASING = YES;
				CLANG_WARN_BOOL_CONVERSION = YES;
				CLANG_WARN_COMMA = YES;
				CLANG_WARN_CONSTANT_CONVERSION = YES;
				CLANG_WARN_DEPRECATED_OBJC_IMPLEMENTATIONS = YES;
				CLANG_WARN_DIRECT_OBJC_ISA_USAGE = YES_ERROR;
				CLANG_WARN_DOCUMENTATION_COMMENTS = YES;
				CLANG_WARN_EMPTY_BODY = YES;
				CLANG_WARN_ENUM_CONVERSION = YES;
				CLANG_WARN_INFINITE_RECURSION = YES;
				CLANG_WARN_INT_CONVERSION = YES;
				CLANG_WARN_NON_LITERAL_NULL_CONVERSION = YES;
				CLANG_WARN_OBJC_IMPLICIT_RETAIN_SELF = YES;
				CLANG_WARN_OBJC_LITERAL_CONVERSION = YES;
				CLANG_WARN_OBJC_ROOT_CLASS = YES_ERROR;
				CLANG_WARN_QUOTED_INCLUDE_IN_FRAMEWORK_HEADER = YES;
				CLANG_WARN_RANGE_LOOP_ANALYSIS = YES;
				CLANG_WARN_STRICT_PROTOTYPES = YES;
				CLANG_WARN_SUSPICIOUS_MOVE = YES;
				CLANG_WARN_UNGUARDED_AVAILABILITY = YES_AGGRESSIVE;
				CLANG_WARN_UNREACHABLE_CODE = YES;
				CLANG_WARN__DUPLICATE_METHOD_MATCH = YES;
				COPY_PHASE_STRIP = NO;
				DEBUG_INFORMATION_FORMAT = dwarf;
				ENABLE_STRICT_OBJC_MSGSEND = YES;
				ENABLE_TESTABILITY = YES;
				ENABLE_USER_SCRIPT_SANDBOXING = YES;
				GCC_C_LANGUAGE_STANDARD = gnu17;
				GCC_DYNAMIC_NO_PIC = NO;
				GCC_NO_COMMON_BLOCKS = YES;
				GCC_OPTIMIZATION_LEVEL = 0;
				GCC_PREPROCESSOR_DEFINITIONS = (
					"DEBUG=1",
					"$(inherited)",
				);
				GCC_WARN_64_TO_32_BIT_CONVERSION = YES;
				GCC_WARN_ABOUT_RETURN_TYPE = YES_ERROR;
				GCC_WARN_UNDECLARED_SELECTOR = YES;
				GCC_WARN_UNINITIALIZED_AUTOS = YES_AGGRESSIVE;
				GCC_WARN_UNUSED_FUNCTION = YES;
				GCC_WARN_UNUSED_VARIABLE = YES;
				IPHONEOS_DEPLOYMENT_TARGET = 18.5;
				LOCALIZATION_PREFERS_STRING_CATALOGS = YES;
				MTL_ENABLE_DEBUG_INFO = INCLUDE_SOURCE;
				MTL_FAST_MATH = YES;
				ONLY_ACTIVE_ARCH = YES;
				SDKROOT = iphoneos;
				SWIFT_ACTIVE_COMPILATION_CONDITIONS = "DEBUG $(inherited)";
				SWIFT_OPTIMIZATION_LEVEL = "-Onone";
			};
			name = Debug;
		};
		05BCD8A42EA225FA004FB69D /* Release */ = {
			isa = XCBuildConfiguration;
			buildSettings = {
				ALWAYS_SEARCH_USER_PATHS = NO;
				ASSETCATALOG_COMPILER_GENERATE_SWIFT_ASSET_SYMBOL_EXTENSIONS = YES;
				CLANG_ANALYZER_NONNULL = YES;
				CLANG_ANALYZER_NUMBER_OBJECT_CONVERSION = YES_AGGRESSIVE;
				CLANG_CXX_LANGUAGE_STANDARD = "gnu++20";
				CLANG_ENABLE_MODULES = YES;
				CLANG_ENABLE_OBJC_ARC = YES;
				CLANG_ENABLE_OBJC_WEAK = YES;
				CLANG_WARN_BLOCK_CAPTURE_AUTORELEASING = YES;
				CLANG_WARN_BOOL_CONVERSION = YES;
				CLANG_WARN_COMMA = YES;
				CLANG_WARN_CONSTANT_CONVERSION = YES;
				CLANG_WARN_DEPRECATED_OBJC_IMPLEMENTATIONS = YES;
				CLANG_WARN_DIRECT_OBJC_ISA_USAGE = YES_ERROR;
				CLANG_WARN_DOCUMENTATION_COMMENTS = YES;
				CLANG_WARN_EMPTY_BODY = YES;
				CLANG_WARN_ENUM_CONVERSION = YES;
				CLANG_WARN_INFINITE_RECURSION = YES;
				CLANG_WARN_INT_CONVERSION = YES;
				CLANG_WARN_NON_LITERAL_NULL_CONVERSION = YES;
				CLANG_WARN_OBJC_IMPLICIT_RETAIN_SELF = YES;
				CLANG_WARN_OBJC_LITERAL_CONVERSION = YES;
				CLANG_WARN_OBJC_ROOT_CLASS = YES_ERROR;
				CLANG_WARN_QUOTED_INCLUDE_IN_FRAMEWORK_HEADER = YES;
				CLANG_WARN_RANGE_LOOP_ANALYSIS = YES;
				CLANG_WARN_STRICT_PROTOTYPES = YES;
				CLANG_WARN_SUSPICIOUS_MOVE = YES;
				CLANG_WARN_UNGUARDED_AVAILABILITY = YES_AGGRESSIVE;
				CLANG_WARN_UNREACHABLE_CODE = YES;
				CLANG_WARN__DUPLICATE_METHOD_MATCH = YES;
				COPY_PHASE_STRIP = NO;
				DEBUG_INFORMATION_FORMAT = "dwarf-with-dsym";
				ENABLE_NS_ASSERTIONS = NO;
				ENABLE_STRICT_OBJC_MSGSEND = YES;
				ENABLE_USER_SCRIPT_SANDBOXING = YES;
				GCC_C_LANGUAGE_STANDARD = gnu17;
				GCC_NO_COMMON_BLOCKS = YES;
				GCC_WARN_64_TO_32_BIT_CONVERSION = YES;
				GCC_WARN_ABOUT_RETURN_TYPE = YES_ERROR;
				GCC_WARN_UNDECLARED_SELECTOR = YES;
				GCC_WARN_UNINITIALIZED_AUTOS = YES_AGGRESSIVE;
				GCC_WARN_UNUSED_FUNCTION = YES;
				GCC_WARN_UNUSED_VARIABLE = YES;
				IPHONEOS_DEPLOYMENT_TARGET = 18.5;
				LOCALIZATION_PREFERS_STRING_CATALOGS = YES;
				MTL_ENABLE_DEBUG_INFO = NO;
				MTL_FAST_MATH = YES;
				SDKROOT = iphoneos;
				SWIFT_COMPILATION_MODE = wholemodule;
				VALIDATE_PRODUCT = YES;
			};
			name = Release;
		};
		05BCD8A62EA225FA004FB69D /* Debug */ = {
			isa = XCBuildConfiguration;
			buildSettings = {
				BUNDLE_LOADER = "$(TEST_HOST)";
				CODE_SIGN_STYLE = Automatic;
				CURRENT_PROJECT_VERSION = 1;
				GENERATE_INFOPLIST_FILE = YES;
				IPHONEOS_DEPLOYMENT_TARGET = 18.5;
				MARKETING_VERSION = 1.0;
				PRODUCT_BUNDLE_IDENTIFIER = PiscumPhotos.PiscumPhotosTests;
				PRODUCT_NAME = "$(TARGET_NAME)";
				SWIFT_EMIT_LOC_STRINGS = NO;
				SWIFT_VERSION = 5.0;
				TARGETED_DEVICE_FAMILY = "1,2";
				TEST_HOST = "$(BUILT_PRODUCTS_DIR)/PiscumPhotos.app/$(BUNDLE_EXECUTABLE_FOLDER_PATH)/PiscumPhotos";
			};
			name = Debug;
		};
		05BCD8A72EA225FA004FB69D /* Release */ = {
			isa = XCBuildConfiguration;
			buildSettings = {
				BUNDLE_LOADER = "$(TEST_HOST)";
				CODE_SIGN_STYLE = Automatic;
				CURRENT_PROJECT_VERSION = 1;
				GENERATE_INFOPLIST_FILE = YES;
				IPHONEOS_DEPLOYMENT_TARGET = 18.5;
				MARKETING_VERSION = 1.0;
				PRODUCT_BUNDLE_IDENTIFIER = PiscumPhotos.PiscumPhotosTests;
				PRODUCT_NAME = "$(TARGET_NAME)";
				SWIFT_EMIT_LOC_STRINGS = NO;
				SWIFT_VERSION = 5.0;
				TARGETED_DEVICE_FAMILY = "1,2";
				TEST_HOST = "$(BUILT_PRODUCTS_DIR)/PiscumPhotos.app/$(BUNDLE_EXECUTABLE_FOLDER_PATH)/PiscumPhotos";
			};
			name = Release;
		};
		05BCD8A92EA225FA004FB69D /* Debug */ = {
			isa = XCBuildConfiguration;
			buildSettings = {
				CODE_SIGN_STYLE = Automatic;
				CURRENT_PROJECT_VERSION = 1;
				GENERATE_INFOPLIST_FILE = YES;
				MARKETING_VERSION = 1.0;
				PRODUCT_BUNDLE_IDENTIFIER = PiscumPhotos.PiscumPhotosUITests;
				PRODUCT_NAME = "$(TARGET_NAME)";
				SWIFT_EMIT_LOC_STRINGS = NO;
				SWIFT_VERSION = 5.0;
				TARGETED_DEVICE_FAMILY = "1,2";
				TEST_TARGET_NAME = PiscumPhotos;
			};
			name = Debug;
		};
		05BCD8AA2EA225FA004FB69D /* Release */ = {
			isa = XCBuildConfiguration;
			buildSettings = {
				CODE_SIGN_STYLE = Automatic;
				CURRENT_PROJECT_VERSION = 1;
				GENERATE_INFOPLIST_FILE = YES;
				MARKETING_VERSION = 1.0;
				PRODUCT_BUNDLE_IDENTIFIER = PiscumPhotos.PiscumPhotosUITests;
				PRODUCT_NAME = "$(TARGET_NAME)";
				SWIFT_EMIT_LOC_STRINGS = NO;
				SWIFT_VERSION = 5.0;
				TARGETED_DEVICE_FAMILY = "1,2";
				TEST_TARGET_NAME = PiscumPhotos;
			};
			name = Release;
		};
/* End XCBuildConfiguration section */

/* Begin XCConfigurationList section */
		05BCD8722EA225F8004FB69D /* Build configuration list for PBXProject "PiscumPhotos" */ = {
			isa = XCConfigurationList;
			buildConfigurations = (
				05BCD8A32EA225FA004FB69D /* Debug */,
				05BCD8A42EA225FA004FB69D /* Release */,
			);
			defaultConfigurationIsVisible = 0;
			defaultConfigurationName = Release;
		};
		05BCD8A02EA225FA004FB69D /* Build configuration list for PBXNativeTarget "PiscumPhotos" */ = {
			isa = XCConfigurationList;
			buildConfigurations = (
				05BCD8A12EA225FA004FB69D /* Debug */,
				05BCD8A22EA225FA004FB69D /* Release */,
			);
			defaultConfigurationIsVisible = 0;
			defaultConfigurationName = Release;
		};
		05BCD8A52EA225FA004FB69D /* Build configuration list for PBXNativeTarget "PiscumPhotosTests" */ = {
			isa = XCConfigurationList;
			buildConfigurations = (
				05BCD8A62EA225FA004FB69D /* Debug */,
				05BCD8A72EA225FA004FB69D /* Release */,
			);
			defaultConfigurationIsVisible = 0;
			defaultConfigurationName = Release;
		};
		05BCD8A82EA225FA004FB69D /* Build configuration list for PBXNativeTarget "PiscumPhotosUITests" */ = {
			isa = XCConfigurationList;
			buildConfigurations = (
				05BCD8A92EA225FA004FB69D /* Debug */,
				05BCD8AA2EA225FA004FB69D /* Release */,
			);
			defaultConfigurationIsVisible = 0;
			defaultConfigurationName = Release;
		};
/* End XCConfigurationList section */
	};
	rootObject = 05BCD86F2EA225F8004FB69D /* Project object */;
}
